# THIS IS AN AUTOGENERATED FILE. DO NOT EDIT THIS FILE DIRECTLY.
# yarn lockfile v1


"@sentry/browser@^6.7.2":
  version "6.7.2"
  resolved "https://registry.yarnpkg.com/@sentry/browser/-/browser-6.7.2.tgz#cfbe060de5a9694617f175a6bde469e5e266792e"
  dependencies:
    "@sentry/core" "6.7.2"
    "@sentry/types" "6.7.2"
    "@sentry/utils" "6.7.2"
    tslib "^1.9.3"

"@sentry/core@6.7.2":
  version "6.7.2"
  resolved "https://registry.yarnpkg.com/@sentry/core/-/core-6.7.2.tgz#1d294fac6e62744bce3b9dfbcd90b14e93620480"
  dependencies:
    "@sentry/hub" "6.7.2"
    "@sentry/minimal" "6.7.2"
    "@sentry/types" "6.7.2"
    "@sentry/utils" "6.7.2"
    tslib "^1.9.3"

"@sentry/hub@6.7.2":
  version "6.7.2"
  resolved "https://registry.yarnpkg.com/@sentry/hub/-/hub-6.7.2.tgz#31b250e74aa303877620dfa500aa89e4411e2dec"
  dependencies:
    "@sentry/types" "6.7.2"
    "@sentry/utils" "6.7.2"
    tslib "^1.9.3"

"@sentry/minimal@6.7.2":
  version "6.7.2"
  resolved "https://registry.yarnpkg.com/@sentry/minimal/-/minimal-6.7.2.tgz#9e6c0c587daea64a9042041694a4ad5d559d16cd"
  dependencies:
    "@sentry/hub" "6.7.2"
    "@sentry/types" "6.7.2"
    tslib "^1.9.3"

"@sentry/tracing@^6.7.2":
  version "6.7.2"
  resolved "https://registry.yarnpkg.com/@sentry/tracing/-/tracing-6.7.2.tgz#78a6934837143ae5e200b49bd256bc8a917477bc"
  dependencies:
    "@sentry/hub" "6.7.2"
    "@sentry/minimal" "6.7.2"
    "@sentry/types" "6.7.2"
    "@sentry/utils" "6.7.2"
    tslib "^1.9.3"

"@sentry/types@6.7.2":
  version "6.7.2"
  resolved "https://registry.yarnpkg.com/@sentry/types/-/types-6.7.2.tgz#8108272c98ad7784ddf9ddda0b7bdc6880ed6e50"

"@sentry/utils@6.7.2":
  version "6.7.2"
  resolved "https://registry.yarnpkg.com/@sentry/utils/-/utils-6.7.2.tgz#c7f957ebe16de3e701a0c5477ac2dba04e7b4b68"
  dependencies:
    "@sentry/types" "6.7.2"
    tslib "^1.9.3"

tslib@^1.9.3:
  version "1.14.1"
  resolved "https://registry.yarnpkg.com/tslib/-/tslib-1.14.1.tgz#cf2d38bdc34a134bcaf1091c41f6619e2f672d00"
